
Microsoft Visual Studio Solution File, Format Version 12.00
# Visual Studio 15
VisualStudioVersion = 15.0.28010.2026
MinimumVisualStudioVersion = 10.0.40219.1
Project("{FAE04EC0-301F-11D3-BF4B-00C04F79EFBC}") = "MockBit.Server", "MockBit.Server\MockBit.Server.csproj", "{1545B3D2-6E22-4C64-96C2-5B1C0C1AC7E3}"
EndProject
Global
	GlobalSection(SolutionConfigurationPlatforms) = preSolution
		Debug|Any CPU = Debug|Any CPU
		Release|Any CPU = Release|Any CPU
	EndGlobalSection
	GlobalSection(ProjectConfigurationPlatforms) = postSolution
		{1545B3D2-6E22-4C64-96C2-5B1C0C1AC7E3}.Debug|Any CPU.ActiveCfg = Debug|Any CPU
		{1545B3D2-6E22-4C64-96C2-5B1C0C1AC7E3}.Debug|Any CPU.Build.0 = Debug|Any CPU
		{1545B3D2-6E22-4C64-96C2-5B1C0C1AC7E3}.Release|Any CPU.ActiveCfg = Release|Any CPU
		{1545B3D2-6E22-4C64-96C2-5B1C0C1AC7E3}.Release|Any CPU.Build.0 = Release|Any CPU
	EndGlobalSection
	GlobalSection(SolutionProperties) = preSolution
		HideSolutionNode = FALSE
	EndGlobalSection
	GlobalSection(ExtensibilityGlobals) = postSolution
		SolutionGuid = {D18FAFB0-2202-4B7E-A87D-1B85D2DBDE10}
	EndGlobalSection
EndGlobal
